// !$*UTF8*$!
{
	archiveVersion = 1;
	classes = {
	};
	objectVersion = 46;
	objects = {

/* Begin PBXBuildFile section */
		18347C9BC28E95EFE64454A5 /* Pods_instagram.framework in Frameworks */ = {isa = PBXBuildFile; fileRef = 4971CDEDD56CD4FCAA974EFA /* Pods_instagram.framework */; };
		1B6E1D59203B911B006840A5 /* AppDelegate.swift in Sources */ = {isa = PBXBuildFile; fileRef = 1B6E1D58203B911B006840A5 /* AppDelegate.swift */; };
		1B6E1D5B203B911B006840A5 /* ViewController.swift in Sources */ = {isa = PBXBuildFile; fileRef = 1B6E1D5A203B911B006840A5 /* ViewController.swift */; };
		1B6E1D5E203B911B006840A5 /* Main.storyboard in Resources */ = {isa = PBXBuildFile; fileRef = 1B6E1D5C203B911B006840A5 /* Main.storyboard */; };
		1B6E1D60203B911B006840A5 /* Assets.xcassets in Resources */ = {isa = PBXBuildFile; fileRef = 1B6E1D5F203B911B006840A5 /* Assets.xcassets */; };
		1B6E1D63203B911B006840A5 /* LaunchScreen.storyboard in Resources */ = {isa = PBXBuildFile; fileRef = 1B6E1D61203B911B006840A5 /* LaunchScreen.storyboard */; };
		1B6E1D6E203B911B006840A5 /* instagramTests.swift in Sources */ = {isa = PBXBuildFile; fileRef = 1B6E1D6D203B911B006840A5 /* instagramTests.swift */; };
		1B6E1D79203B911B006840A5 /* instagramUITests.swift in Sources */ = {isa = PBXBuildFile; fileRef = 1B6E1D78203B911B006840A5 /* instagramUITests.swift */; };
		1BC2283C203E36A700D17E56 /* HomeFeedViewController.swift in Sources */ = {isa = PBXBuildFile; fileRef = 1BC2283B203E36A700D17E56 /* HomeFeedViewController.swift */; };
		473C06020F7A218EDE6CD0D9 /* Pods_instagramTests.framework in Frameworks */ = {isa = PBXBuildFile; fileRef = F4DFBF8390DAA37DE1264A6E /* Pods_instagramTests.framework */; };
		66D0663C21AFBBC0D74D3F2C /* Pods_instagramUITests.framework in Frameworks */ = {isa = PBXBuildFile; fileRef = 13A8F4D62927F2BE378603C3 /* Pods_instagramUITests.framework */; };
		897EC0EC203F74740086ACF8 /* PostCell.swift in Sources */ = {isa = PBXBuildFile; fileRef = 897EC0EB203F74740086ACF8 /* PostCell.swift */; };
		8993F199203D0A36002A477E /* LoginViewController.swift in Sources */ = {isa = PBXBuildFile; fileRef = 8993F198203D0A36002A477E /* LoginViewController.swift */; };
		8993F19B203E6686002A477E /* ImportImageViewController.swift in Sources */ = {isa = PBXBuildFile; fileRef = 8993F19A203E6686002A477E /* ImportImageViewController.swift */; };
		89A43F03203E86E500FBA65B /* Post.swift in Sources */ = {isa = PBXBuildFile; fileRef = 89A43F02203E86E500FBA65B /* Post.swift */; };
/* End PBXBuildFile section */

/* Begin PBXContainerItemProxy section */
		1B6E1D6A203B911B006840A5 /* PBXContainerItemProxy */ = {
			isa = PBXContainerItemProxy;
			containerPortal = 1B6E1D4D203B911B006840A5 /* Project object */;
			proxyType = 1;
			remoteGlobalIDString = 1B6E1D54203B911B006840A5;
			remoteInfo = instagram;
		};
		1B6E1D75203B911B006840A5 /* PBXContainerItemProxy */ = {
			isa = PBXContainerItemProxy;
			containerPortal = 1B6E1D4D203B911B006840A5 /* Project object */;
			proxyType = 1;
			remoteGlobalIDString = 1B6E1D54203B911B006840A5;
			remoteInfo = instagram;
		};
/* End PBXContainerItemProxy section */

/* Begin PBXFileReference section */
		13A8F4D62927F2BE378603C3 /* Pods_instagramUITests.framework */ = {isa = PBXFileReference; explicitFileType = wrapper.framework; includeInIndex = 0; path = Pods_instagramUITests.framework; sourceTree = BUILT_PRODUCTS_DIR; };
		1B6E1D55203B911B006840A5 /* instagram.app */ = {isa = PBXFileReference; explicitFileType = wrapper.application; includeInIndex = 0; path = instagram.app; sourceTree = BUILT_PRODUCTS_DIR; };
		1B6E1D58203B911B006840A5 /* AppDelegate.swift */ = {isa = PBXFileReference; lastKnownFileType = sourcecode.swift; path = AppDelegate.swift; sourceTree = "<group>"; };
		1B6E1D5A203B911B006840A5 /* ViewController.swift */ = {isa = PBXFileReference; lastKnownFileType = sourcecode.swift; path = ViewController.swift; sourceTree = "<group>"; };
		1B6E1D5D203B911B006840A5 /* Base */ = {isa = PBXFileReference; lastKnownFileType = file.storyboard; name = Base; path = Base.lproj/Main.storyboard; sourceTree = "<group>"; };
		1B6E1D5F203B911B006840A5 /* Assets.xcassets */ = {isa = PBXFileReference; lastKnownFileType = folder.assetcatalog; path = Assets.xcassets; sourceTree = "<group>"; };
		1B6E1D62203B911B006840A5 /* Base */ = {isa = PBXFileReference; lastKnownFileType = file.storyboard; name = Base; path = Base.lproj/LaunchScreen.storyboard; sourceTree = "<group>"; };
		1B6E1D64203B911B006840A5 /* Info.plist */ = {isa = PBXFileReference; lastKnownFileType = text.plist.xml; path = Info.plist; sourceTree = "<group>"; };
		1B6E1D69203B911B006840A5 /* instagramTests.xctest */ = {isa = PBXFileReference; explicitFileType = wrapper.cfbundle; includeInIndex = 0; path = instagramTests.xctest; sourceTree = BUILT_PRODUCTS_DIR; };
		1B6E1D6D203B911B006840A5 /* instagramTests.swift */ = {isa = PBXFileReference; lastKnownFileType = sourcecode.swift; path = instagramTests.swift; sourceTree = "<group>"; };
		1B6E1D6F203B911B006840A5 /* Info.plist */ = {isa = PBXFileReference; lastKnownFileType = text.plist.xml; path = Info.plist; sourceTree = "<group>"; };
		1B6E1D74203B911B006840A5 /* instagramUITests.xctest */ = {isa = PBXFileReference; explicitFileType = wrapper.cfbundle; includeInIndex = 0; path = instagramUITests.xctest; sourceTree = BUILT_PRODUCTS_DIR; };
		1B6E1D78203B911B006840A5 /* instagramUITests.swift */ = {isa = PBXFileReference; lastKnownFileType = sourcecode.swift; path = instagramUITests.swift; sourceTree = "<group>"; };
		1B6E1D7A203B911B006840A5 /* Info.plist */ = {isa = PBXFileReference; lastKnownFileType = text.plist.xml; path = Info.plist; sourceTree = "<group>"; };
		1BC2283B203E36A700D17E56 /* HomeFeedViewController.swift */ = {isa = PBXFileReference; fileEncoding = 4; lastKnownFileType = sourcecode.swift; path = HomeFeedViewController.swift; sourceTree = "<group>"; };
		3354827A4A74BA7323DCE75D /* Pods-instagram.debug.xcconfig */ = {isa = PBXFileReference; includeInIndex = 1; lastKnownFileType = text.xcconfig; name = "Pods-instagram.debug.xcconfig"; path = "Pods/Target Support Files/Pods-instagram/Pods-instagram.debug.xcconfig"; sourceTree = "<group>"; };
		4971CDEDD56CD4FCAA974EFA /* Pods_instagram.framework */ = {isa = PBXFileReference; explicitFileType = wrapper.framework; includeInIndex = 0; path = Pods_instagram.framework; sourceTree = BUILT_PRODUCTS_DIR; };
		55713D451665F969B6DD936E /* Pods-instagramTests.release.xcconfig */ = {isa = PBXFileReference; includeInIndex = 1; lastKnownFileType = text.xcconfig; name = "Pods-instagramTests.release.xcconfig"; path = "Pods/Target Support Files/Pods-instagramTests/Pods-instagramTests.release.xcconfig"; sourceTree = "<group>"; };
		67318F62141B1A916E7316E8 /* Pods-instagram.release.xcconfig */ = {isa = PBXFileReference; includeInIndex = 1; lastKnownFileType = text.xcconfig; name = "Pods-instagram.release.xcconfig"; path = "Pods/Target Support Files/Pods-instagram/Pods-instagram.release.xcconfig"; sourceTree = "<group>"; };
		897EC0EB203F74740086ACF8 /* PostCell.swift */ = {isa = PBXFileReference; fileEncoding = 4; lastKnownFileType = sourcecode.swift; path = PostCell.swift; sourceTree = "<group>"; };
		8993F198203D0A36002A477E /* LoginViewController.swift */ = {isa = PBXFileReference; fileEncoding = 4; lastKnownFileType = sourcecode.swift; path = LoginViewController.swift; sourceTree = "<group>"; };
		8993F19A203E6686002A477E /* ImportImageViewController.swift */ = {isa = PBXFileReference; fileEncoding = 4; lastKnownFileType = sourcecode.swift; path = ImportImageViewController.swift; sourceTree = "<group>"; };
		89A43F02203E86E500FBA65B /* Post.swift */ = {isa = PBXFileReference; fileEncoding = 4; lastKnownFileType = sourcecode.swift; path = Post.swift; sourceTree = "<group>"; };
		A8C61BEF308C45DA2A32AC29 /* Pods-instagramTests.debug.xcconfig */ = {isa = PBXFileReference; includeInIndex = 1; lastKnownFileType = text.xcconfig; name = "Pods-instagramTests.debug.xcconfig"; path = "Pods/Target Support Files/Pods-instagramTests/Pods-instagramTests.debug.xcconfig"; sourceTree = "<group>"; };
		BB913252497912B7E1E488EB /* Pods-instagramUITests.release.xcconfig */ = {isa = PBXFileReference; includeInIndex = 1; lastKnownFileType = text.xcconfig; name = "Pods-instagramUITests.release.xcconfig"; path = "Pods/Target Support Files/Pods-instagramUITests/Pods-instagramUITests.release.xcconfig"; sourceTree = "<group>"; };
		E6FB6C062CAA77DF694605DD /* Pods-instagramUITests.debug.xcconfig */ = {isa = PBXFileReference; includeInIndex = 1; lastKnownFileType = text.xcconfig; name = "Pods-instagramUITests.debug.xcconfig"; path = "Pods/Target Support Files/Pods-instagramUITests/Pods-instagramUITests.debug.xcconfig"; sourceTree = "<group>"; };
		F4DFBF8390DAA37DE1264A6E /* Pods_instagramTests.framework */ = {isa = PBXFileReference; explicitFileType = wrapper.framework; includeInIndex = 0; path = Pods_instagramTests.framework; sourceTree = BUILT_PRODUCTS_DIR; };
/* End PBXFileReference section */

/* Begin PBXFrameworksBuildPhase section */
		1B6E1D52203B911B006840A5 /* Frameworks */ = {
			isa = PBXFrameworksBuildPhase;
			buildActionMask = 2147483647;
			files = (
				18347C9BC28E95EFE64454A5 /* Pods_instagram.framework in Frameworks */,
			);
			runOnlyForDeploymentPostprocessing = 0;
		};
		1B6E1D66203B911B006840A5 /* Frameworks */ = {
			isa = PBXFrameworksBuildPhase;
			buildActionMask = 2147483647;
			files = (
				473C06020F7A218EDE6CD0D9 /* Pods_instagramTests.framework in Frameworks */,
			);
			runOnlyForDeploymentPostprocessing = 0;
		};
		1B6E1D71203B911B006840A5 /* Frameworks */ = {
			isa = PBXFrameworksBuildPhase;
			buildActionMask = 2147483647;
			files = (
				66D0663C21AFBBC0D74D3F2C /* Pods_instagramUITests.framework in Frameworks */,
			);
			runOnlyForDeploymentPostprocessing = 0;
		};
/* End PBXFrameworksBuildPhase section */

/* Begin PBXGroup section */
		1B6E1D4C203B911B006840A5 = {
			isa = PBXGroup;
			children = (
				1B6E1D57203B911B006840A5 /* instagram */,
				1B6E1D6C203B911B006840A5 /* instagramTests */,
				1B6E1D77203B911B006840A5 /* instagramUITests */,
				1B6E1D56203B911B006840A5 /* Products */,
				865062CA1E68AE9E2168AB0E /* Pods */,
				C3F7A848DA638B55D9C2B5BF /* Frameworks */,
			);
			sourceTree = "<group>";
		};
		1B6E1D56203B911B006840A5 /* Products */ = {
			isa = PBXGroup;
			children = (
				1B6E1D55203B911B006840A5 /* instagram.app */,
				1B6E1D69203B911B006840A5 /* instagramTests.xctest */,
				1B6E1D74203B911B006840A5 /* instagramUITests.xctest */,
			);
			name = Products;
			sourceTree = "<group>";
		};
		1B6E1D57203B911B006840A5 /* instagram */ = {
			isa = PBXGroup;
			children = (
				1BC2283A203E363000D17E56 /* Views */,
				1BC22839203E362300D17E56 /* View Controllers */,
				1B6E1D58203B911B006840A5 /* AppDelegate.swift */,
				1B6E1D5A203B911B006840A5 /* ViewController.swift */,
				1B6E1D5C203B911B006840A5 /* Main.storyboard */,
				1B6E1D5F203B911B006840A5 /* Assets.xcassets */,
				1B6E1D61203B911B006840A5 /* LaunchScreen.storyboard */,
				1B6E1D64203B911B006840A5 /* Info.plist */,
			);
			path = instagram;
			sourceTree = "<group>";
		};
		1B6E1D6C203B911B006840A5 /* instagramTests */ = {
			isa = PBXGroup;
			children = (
				1B6E1D6D203B911B006840A5 /* instagramTests.swift */,
				1B6E1D6F203B911B006840A5 /* Info.plist */,
			);
			path = instagramTests;
			sourceTree = "<group>";
		};
		1B6E1D77203B911B006840A5 /* instagramUITests */ = {
			isa = PBXGroup;
			children = (
				1B6E1D78203B911B006840A5 /* instagramUITests.swift */,
				1B6E1D7A203B911B006840A5 /* Info.plist */,
			);
			path = instagramUITests;
			sourceTree = "<group>";
		};
		1BC22839203E362300D17E56 /* View Controllers */ = {
			isa = PBXGroup;
			children = (
				89A43F02203E86E500FBA65B /* Post.swift */,
				8993F198203D0A36002A477E /* LoginViewController.swift */,
				1BC2283B203E36A700D17E56 /* HomeFeedViewController.swift */,
				8993F19A203E6686002A477E /* ImportImageViewController.swift */,
			);
			name = "View Controllers";
			sourceTree = "<group>";
		};
		1BC2283A203E363000D17E56 /* Views */ = {
			isa = PBXGroup;
			children = (
				897EC0EB203F74740086ACF8 /* PostCell.swift */,
			);
			name = Views;
			sourceTree = "<group>";
		};
		865062CA1E68AE9E2168AB0E /* Pods */ = {
			isa = PBXGroup;
			children = (
				3354827A4A74BA7323DCE75D /* Pods-instagram.debug.xcconfig */,
				67318F62141B1A916E7316E8 /* Pods-instagram.release.xcconfig */,
				A8C61BEF308C45DA2A32AC29 /* Pods-instagramTests.debug.xcconfig */,
				55713D451665F969B6DD936E /* Pods-instagramTests.release.xcconfig */,
				E6FB6C062CAA77DF694605DD /* Pods-instagramUITests.debug.xcconfig */,
				BB913252497912B7E1E488EB /* Pods-instagramUITests.release.xcconfig */,
			);
			name = Pods;
			sourceTree = "<group>";
		};
		C3F7A848DA638B55D9C2B5BF /* Frameworks */ = {
			isa = PBXGroup;
			children = (
				4971CDEDD56CD4FCAA974EFA /* Pods_instagram.framework */,
				F4DFBF8390DAA37DE1264A6E /* Pods_instagramTests.framework */,
				13A8F4D62927F2BE378603C3 /* Pods_instagramUITests.framework */,
			);
			name = Frameworks;
			sourceTree = "<group>";
		};
/* End PBXGroup section */

/* Begin PBXNativeTarget section */
		1B6E1D54203B911B006840A5 /* instagram */ = {
			isa = PBXNativeTarget;
			buildConfigurationList = 1B6E1D7D203B911B006840A5 /* Build configuration list for PBXNativeTarget "instagram" */;
			buildPhases = (
				CFDD9946D25212BA1CF832F7 /* [CP] Check Pods Manifest.lock */,
				1B6E1D51203B911B006840A5 /* Sources */,
				1B6E1D52203B911B006840A5 /* Frameworks */,
				1B6E1D53203B911B006840A5 /* Resources */,
				D57E071A651E22C1435908FA /* [CP] Embed Pods Frameworks */,
				05A423B44EF7C036DD1014E5 /* [CP] Copy Pods Resources */,
			);
			buildRules = (
			);
			dependencies = (
			);
			name = instagram;
			productName = instagram;
			productReference = 1B6E1D55203B911B006840A5 /* instagram.app */;
			productType = "com.apple.product-type.application";
		};
		1B6E1D68203B911B006840A5 /* instagramTests */ = {
			isa = PBXNativeTarget;
			buildConfigurationList = 1B6E1D80203B911B006840A5 /* Build configuration list for PBXNativeTarget "instagramTests" */;
			buildPhases = (
				E0D97FB110A71279BA279DEC /* [CP] Check Pods Manifest.lock */,
				1B6E1D65203B911B006840A5 /* Sources */,
				1B6E1D66203B911B006840A5 /* Frameworks */,
				1B6E1D67203B911B006840A5 /* Resources */,
				45066773A950E5C3DF1A040D /* [CP] Embed Pods Frameworks */,
				E818187B464D8E0355CF5BE1 /* [CP] Copy Pods Resources */,
			);
			buildRules = (
			);
			dependencies = (
				1B6E1D6B203B911B006840A5 /* PBXTargetDependency */,
			);
			name = instagramTests;
			productName = instagramTests;
			productReference = 1B6E1D69203B911B006840A5 /* instagramTests.xctest */;
			productType = "com.apple.product-type.bundle.unit-test";
		};
		1B6E1D73203B911B006840A5 /* instagramUITests */ = {
			isa = PBXNativeTarget;
			buildConfigurationList = 1B6E1D83203B911B006840A5 /* Build configuration list for PBXNativeTarget "instagramUITests" */;
			buildPhases = (
				DC023DF997120F93DA6E4587 /* [CP] Check Pods Manifest.lock */,
				1B6E1D70203B911B006840A5 /* Sources */,
				1B6E1D71203B911B006840A5 /* Frameworks */,
				1B6E1D72203B911B006840A5 /* Resources */,
				467A936E966EC26070369376 /* [CP] Embed Pods Frameworks */,
				C8F44B6CADF9DD42FB4C3DBC /* [CP] Copy Pods Resources */,
			);
			buildRules = (
			);
			dependencies = (
				1B6E1D76203B911B006840A5 /* PBXTargetDependency */,
			);
			name = instagramUITests;
			productName = instagramUITests;
			productReference = 1B6E1D74203B911B006840A5 /* instagramUITests.xctest */;
			productType = "com.apple.product-type.bundle.ui-testing";
		};
/* End PBXNativeTarget section */

/* Begin PBXProject section */
		1B6E1D4D203B911B006840A5 /* Project object */ = {
			isa = PBXProject;
			attributes = {
				LastSwiftUpdateCheck = 0830;
				LastUpgradeCheck = 0830;
				ORGANIZATIONNAME = "Mario Martinez";
				TargetAttributes = {
					1B6E1D54203B911B006840A5 = {
						CreatedOnToolsVersion = 8.3.3;
						ProvisioningStyle = Automatic;
					};
					1B6E1D68203B911B006840A5 = {
						CreatedOnToolsVersion = 8.3.3;
						ProvisioningStyle = Automatic;
						TestTargetID = 1B6E1D54203B911B006840A5;
					};
					1B6E1D73203B911B006840A5 = {
						CreatedOnToolsVersion = 8.3.3;
						ProvisioningStyle = Automatic;
						TestTargetID = 1B6E1D54203B911B006840A5;
					};
				};
			};
			buildConfigurationList = 1B6E1D50203B911B006840A5 /* Build configuration list for PBXProject "instagram" */;
			compatibilityVersion = "Xcode 3.2";
			developmentRegion = English;
			hasScannedForEncodings = 0;
			knownRegions = (
				en,
				Base,
			);
			mainGroup = 1B6E1D4C203B911B006840A5;
			productRefGroup = 1B6E1D56203B911B006840A5 /* Products */;
			projectDirPath = "";
			projectRoot = "";
			targets = (
				1B6E1D54203B911B006840A5 /* instagram */,
				1B6E1D68203B911B006840A5 /* instagramTests */,
				1B6E1D73203B911B006840A5 /* instagramUITests */,
			);
		};
/* End PBXProject section */

/* Begin PBXResourcesBuildPhase section */
		1B6E1D53203B911B006840A5 /* Resources */ = {
			isa = PBXResourcesBuildPhase;
			buildActionMask = 2147483647;
			files = (
				1B6E1D63203B911B006840A5 /* LaunchScreen.storyboard in Resources */,
				1B6E1D60203B911B006840A5 /* Assets.xcassets in Resources */,
				1B6E1D5E203B911B006840A5 /* Main.storyboard in Resources */,
			);
			runOnlyForDeploymentPostprocessing = 0;
		};
		1B6E1D67203B911B006840A5 /* Resources */ = {
			isa = PBXResourcesBuildPhase;
			buildActionMask = 2147483647;
			files = (
			);
			runOnlyForDeploymentPostprocessing = 0;
		};
		1B6E1D72203B911B006840A5 /* Resources */ = {
			isa = PBXResourcesBuildPhase;
			buildActionMask = 2147483647;
			files = (
			);
			runOnlyForDeploymentPostprocessing = 0;
		};
/* End PBXResourcesBuildPhase section */

/* Begin PBXShellScriptBuildPhase section */
		05A423B44EF7C036DD1014E5 /* [CP] Copy Pods Resources */ = {
			isa = PBXShellScriptBuildPhase;
			buildActionMask = 2147483647;
			files = (
			);
			inputPaths = (
			);
			name = "[CP] Copy Pods Resources";
			outputPaths = (
			);
			runOnlyForDeploymentPostprocessing = 0;
			shellPath = /bin/sh;
			shellScript = "\"${SRCROOT}/Pods/Target Support Files/Pods-instagram/Pods-instagram-resources.sh\"\n";
			showEnvVarsInLog = 0;
		};
		45066773A950E5C3DF1A040D /* [CP] Embed Pods Frameworks */ = {
			isa = PBXShellScriptBuildPhase;
			buildActionMask = 2147483647;
			files = (
			);
			inputPaths = (
			);
			name = "[CP] Embed Pods Frameworks";
			outputPaths = (
			);
			runOnlyForDeploymentPostprocessing = 0;
			shellPath = /bin/sh;
			shellScript = "\"${SRCROOT}/Pods/Target Support Files/Pods-instagramTests/Pods-instagramTests-frameworks.sh\"\n";
			showEnvVarsInLog = 0;
		};
		467A936E966EC26070369376 /* [CP] Embed Pods Frameworks */ = {
			isa = PBXShellScriptBuildPhase;
			buildActionMask = 2147483647;
			files = (
			);
			inputPaths = (
			);
			name = "[CP] Embed Pods Frameworks";
			outputPaths = (
			);
			runOnlyForDeploymentPostprocessing = 0;
			shellPath = /bin/sh;
			shellScript = "\"${SRCROOT}/Pods/Target Support Files/Pods-instagramUITests/Pods-instagramUITests-frameworks.sh\"\n";
			showEnvVarsInLog = 0;
		};
		C8F44B6CADF9DD42FB4C3DBC /* [CP] Copy Pods Resources */ = {
			isa = PBXShellScriptBuildPhase;
			buildActionMask = 2147483647;
			files = (
			);
			inputPaths = (
			);
			name = "[CP] Copy Pods Resources";
			outputPaths = (
			);
			runOnlyForDeploymentPostprocessing = 0;
			shellPath = /bin/sh;
			shellScript = "\"${SRCROOT}/Pods/Target Support Files/Pods-instagramUITests/Pods-instagramUITests-resources.sh\"\n";
			showEnvVarsInLog = 0;
		};
		CFDD9946D25212BA1CF832F7 /* [CP] Check Pods Manifest.lock */ = {
			isa = PBXShellScriptBuildPhase;
			buildActionMask = 2147483647;
			files = (
			);
			inputPaths = (
				"${PODS_PODFILE_DIR_PATH}/Podfile.lock",
				"${PODS_ROOT}/Manifest.lock",
			);
			name = "[CP] Check Pods Manifest.lock";
			outputPaths = (
				"$(DERIVED_FILE_DIR)/Pods-instagram-checkManifestLockResult.txt",
			);
			runOnlyForDeploymentPostprocessing = 0;
			shellPath = /bin/sh;
			shellScript = "diff \"${PODS_PODFILE_DIR_PATH}/Podfile.lock\" \"${PODS_ROOT}/Manifest.lock\" > /dev/null\nif [ $? != 0 ] ; then\n    # print error to STDERR\n    echo \"error: The sandbox is not in sync with the Podfile.lock. Run 'pod install' or update your CocoaPods installation.\" >&2\n    exit 1\nfi\n# This output is used by Xcode 'outputs' to avoid re-running this script phase.\necho \"SUCCESS\" > \"${SCRIPT_OUTPUT_FILE_0}\"\n";
			showEnvVarsInLog = 0;
		};
		D57E071A651E22C1435908FA /* [CP] Embed Pods Frameworks */ = {
			isa = PBXShellScriptBuildPhase;
			buildActionMask = 2147483647;
			files = (
			);
			inputPaths = (
				"${SRCROOT}/Pods/Target Support Files/Pods-instagram/Pods-instagram-frameworks.sh",
				"${BUILT_PRODUCTS_DIR}/Bolts/Bolts.framework",
				"${BUILT_PRODUCTS_DIR}/Parse/Parse.framework",
				"${BUILT_PRODUCTS_DIR}/ParseUI/ParseUI.framework",
			);
			name = "[CP] Embed Pods Frameworks";
			outputPaths = (
				"${TARGET_BUILD_DIR}/${FRAMEWORKS_FOLDER_PATH}/Bolts.framework",
				"${TARGET_BUILD_DIR}/${FRAMEWORKS_FOLDER_PATH}/Parse.framework",
				"${TARGET_BUILD_DIR}/${FRAMEWORKS_FOLDER_PATH}/ParseUI.framework",
			);
			runOnlyForDeploymentPostprocessing = 0;
			shellPath = /bin/sh;
			shellScript = "\"${SRCROOT}/Pods/Target Support Files/Pods-instagram/Pods-instagram-frameworks.sh\"\n";
			showEnvVarsInLog = 0;
		};
		DC023DF997120F93DA6E4587 /* [CP] Check Pods Manifest.lock */ = {
			isa = PBXShellScriptBuildPhase;
			buildActionMask = 2147483647;
			files = (
			);
			inputPaths = (
				"${PODS_PODFILE_DIR_PATH}/Podfile.lock",
				"${PODS_ROOT}/Manifest.lock",
			);
			name = "[CP] Check Pods Manifest.lock";
			outputPaths = (
				"$(DERIVED_FILE_DIR)/Pods-instagramUITests-checkManifestLockResult.txt",
			);
			runOnlyForDeploymentPostprocessing = 0;
			shellPath = /bin/sh;
			shellScript = "diff \"${PODS_PODFILE_DIR_PATH}/Podfile.lock\" \"${PODS_ROOT}/Manifest.lock\" > /dev/null\nif [ $? != 0 ] ; then\n    # print error to STDERR\n    echo \"error: The sandbox is not in sync with the Podfile.lock. Run 'pod install' or update your CocoaPods installation.\" >&2\n    exit 1\nfi\n# This output is used by Xcode 'outputs' to avoid re-running this script phase.\necho \"SUCCESS\" > \"${SCRIPT_OUTPUT_FILE_0}\"\n";
			showEnvVarsInLog = 0;
		};
		E0D97FB110A71279BA279DEC /* [CP] Check Pods Manifest.lock */ = {
			isa = PBXShellScriptBuildPhase;
			buildActionMask = 2147483647;
			files = (
			);
			inputPaths = (
				"${PODS_PODFILE_DIR_PATH}/Podfile.lock",
				"${PODS_ROOT}/Manifest.lock",
			);
			name = "[CP] Check Pods Manifest.lock";
			outputPaths = (
				"$(DERIVED_FILE_DIR)/Pods-instagramTests-checkManifestLockResult.txt",
			);
			runOnlyForDeploymentPostprocessing = 0;
			shellPath = /bin/sh;
			shellScript = "diff \"${PODS_PODFILE_DIR_PATH}/Podfile.lock\" \"${PODS_ROOT}/Manifest.lock\" > /dev/null\nif [ $? != 0 ] ; then\n    # print error to STDERR\n    echo \"error: The sandbox is not in sync with the Podfile.lock. Run 'pod install' or update your CocoaPods installation.\" >&2\n    exit 1\nfi\n# This output is used by Xcode 'outputs' to avoid re-running this script phase.\necho \"SUCCESS\" > \"${SCRIPT_OUTPUT_FILE_0}\"\n";
			showEnvVarsInLog = 0;
		};
		E818187B464D8E0355CF5BE1 /* [CP] Copy Pods Resources */ = {
			isa = PBXShellScriptBuildPhase;
			buildActionMask = 2147483647;
			files = (
			);
			inputPaths = (
			);
			name = "[CP] Copy Pods Resources";
			outputPaths = (
			);
			runOnlyForDeploymentPostprocessing = 0;
			shellPath = /bin/sh;
			shellScript = "\"${SRCROOT}/Pods/Target Support Files/Pods-instagramTests/Pods-instagramTests-resources.sh\"\n";
			showEnvVarsInLog = 0;
		};
/* End PBXShellScriptBuildPhase section */

/* Begin PBXSourcesBuildPhase section */
		1B6E1D51203B911B006840A5 /* Sources */ = {
			isa = PBXSourcesBuildPhase;
			buildActionMask = 2147483647;
			files = (
				897EC0EC203F74740086ACF8 /* PostCell.swift in Sources */,
				8993F199203D0A36002A477E /* LoginViewController.swift in Sources */,
				1B6E1D5B203B911B006840A5 /* ViewController.swift in Sources */,
				8993F19B203E6686002A477E /* ImportImageViewController.swift in Sources */,
				89A43F03203E86E500FBA65B /* Post.swift in Sources */,
				1B6E1D59203B911B006840A5 /* AppDelegate.swift in Sources */,
				1BC2283C203E36A700D17E56 /* HomeFeedViewController.swift in Sources */,
			);
			runOnlyForDeploymentPostprocessing = 0;
		};
		1B6E1D65203B911B006840A5 /* Sources */ = {
			isa = PBXSourcesBuildPhase;
			buildActionMask = 2147483647;
			files = (
				1B6E1D6E203B911B006840A5 /* instagramTests.swift in Sources */,
			);
			runOnlyForDeploymentPostprocessing = 0;
		};
		1B6E1D70203B911B006840A5 /* Sources */ = {
			isa = PBXSourcesBuildPhase;
			buildActionMask = 2147483647;
			files = (
				1B6E1D79203B911B006840A5 /* instagramUITests.swift in Sources */,
			);
			runOnlyForDeploymentPostprocessing = 0;
		};
/* End PBXSourcesBuildPhase section */

/* Begin PBXTargetDependency section */
		1B6E1D6B203B911B006840A5 /* PBXTargetDependency */ = {
			isa = PBXTargetDependency;
			target = 1B6E1D54203B911B006840A5 /* instagram */;
			targetProxy = 1B6E1D6A203B911B006840A5 /* PBXContainerItemProxy */;
		};
		1B6E1D76203B911B006840A5 /* PBXTargetDependency */ = {
			isa = PBXTargetDependency;
			target = 1B6E1D54203B911B006840A5 /* instagram */;
			targetProxy = 1B6E1D75203B911B006840A5 /* PBXContainerItemProxy */;
		};
/* End PBXTargetDependency section */

/* Begin PBXVariantGroup section */
		1B6E1D5C203B911B006840A5 /* Main.storyboard */ = {
			isa = PBXVariantGroup;
			children = (
				1B6E1D5D203B911B006840A5 /* Base */,
			);
			name = Main.storyboard;
			sourceTree = "<group>";
		};
		1B6E1D61203B911B006840A5 /* LaunchScreen.storyboard */ = {
			isa = PBXVariantGroup;
			children = (
				1B6E1D62203B911B006840A5 /* Base */,
			);
			name = LaunchScreen.storyboard;
			sourceTree = "<group>";
		};
/* End PBXVariantGroup section */

/* Begin XCBuildConfiguration section */
		1B6E1D7B203B911B006840A5 /* Debug */ = {
			isa = XCBuildConfiguration;
			buildSettings = {
				ALWAYS_SEARCH_USER_PATHS = NO;
				CLANG_ANALYZER_NONNULL = YES;
				CLANG_ANALYZER_NUMBER_OBJECT_CONVERSION = YES_AGGRESSIVE;
				CLANG_CXX_LANGUAGE_STANDARD = "gnu++0x";
				CLANG_CXX_LIBRARY = "libc++";
				CLANG_ENABLE_MODULES = YES;
				CLANG_ENABLE_OBJC_ARC = YES;
				CLANG_WARN_BOOL_CONVERSION = YES;
				CLANG_WARN_CONSTANT_CONVERSION = YES;
				CLANG_WARN_DIRECT_OBJC_ISA_USAGE = YES_ERROR;
				CLANG_WARN_DOCUMENTATION_COMMENTS = YES;
				CLANG_WARN_EMPTY_BODY = YES;
				CLANG_WARN_ENUM_CONVERSION = YES;
				CLANG_WARN_INFINITE_RECURSION = YES;
				CLANG_WARN_INT_CONVERSION = YES;
				CLANG_WARN_OBJC_ROOT_CLASS = YES_ERROR;
				CLANG_WARN_SUSPICIOUS_MOVE = YES;
				CLANG_WARN_UNREACHABLE_CODE = YES;
				CLANG_WARN__DUPLICATE_METHOD_MATCH = YES;
				"CODE_SIGN_IDENTITY[sdk=iphoneos*]" = "iPhone Developer";
				COPY_PHASE_STRIP = NO;
				DEBUG_INFORMATION_FORMAT = dwarf;
				ENABLE_STRICT_OBJC_MSGSEND = YES;
				ENABLE_TESTABILITY = YES;
				GCC_C_LANGUAGE_STANDARD = gnu99;
				GCC_DYNAMIC_NO_PIC = NO;
				GCC_NO_COMMON_BLOCKS = YES;
				GCC_OPTIMIZATION_LEVEL = 0;
				GCC_PREPROCESSOR_DEFINITIONS = (
					"DEBUG=1",
					"$(inherited)",
				);
				GCC_WARN_64_TO_32_BIT_CONVERSION = YES;
				GCC_WARN_ABOUT_RETURN_TYPE = YES_ERROR;
				GCC_WARN_UNDECLARED_SELECTOR = YES;
				GCC_WARN_UNINITIALIZED_AUTOS = YES_AGGRESSIVE;
				GCC_WARN_UNUSED_FUNCTION = YES;
				GCC_WARN_UNUSED_VARIABLE = YES;
				IPHONEOS_DEPLOYMENT_TARGET = 10.3;
				MTL_ENABLE_DEBUG_INFO = YES;
				ONLY_ACTIVE_ARCH = YES;
				SDKROOT = iphoneos;
				SWIFT_ACTIVE_COMPILATION_CONDITIONS = DEBUG;
				SWIFT_OPTIMIZATION_LEVEL = "-Onone";
				TARGETED_DEVICE_FAMILY = "1,2";
			};
			name = Debug;
		};
		1B6E1D7C203B911B006840A5 /* Release */ = {
			isa = XCBuildConfiguration;
			buildSettings = {
				ALWAYS_SEARCH_USER_PATHS = NO;
				CLANG_ANALYZER_NONNULL = YES;
				CLANG_ANALYZER_NUMBER_OBJECT_CONVERSION = YES_AGGRESSIVE;
				CLANG_CXX_LANGUAGE_STANDARD = "gnu++0x";
				CLANG_CXX_LIBRARY = "libc++";
				CLANG_ENABLE_MODULES = YES;
				CLANG_ENABLE_OBJC_ARC = YES;
				CLANG_WARN_BOOL_CONVERSION = YES;
				CLANG_WARN_CONSTANT_CONVERSION = YES;
				CLANG_WARN_DIRECT_OBJC_ISA_USAGE = YES_ERROR;
				CLANG_WARN_DOCUMENTATION_COMMENTS = YES;
				CLANG_WARN_EMPTY_BODY = YES;
				CLANG_WARN_ENUM_CONVERSION = YES;
				CLANG_WARN_INFINITE_RECURSION = YES;
				CLANG_WARN_INT_CONVERSION = YES;
				CLANG_WARN_OBJC_ROOT_CLASS = YES_ERROR;
				CLANG_WARN_SUSPICIOUS_MOVE = YES;
				CLANG_WARN_UNREACHABLE_CODE = YES;
				CLANG_WARN__DUPLICATE_METHOD_MATCH = YES;
				"CODE_SIGN_IDENTITY[sdk=iphoneos*]" = "iPhone Developer";
				COPY_PHASE_STRIP = NO;
				DEBUG_INFORMATION_FORMAT = "dwarf-with-dsym";
				ENABLE_NS_ASSERTIONS = NO;
				ENABLE_STRICT_OBJC_MSGSEND = YES;
				GCC_C_LANGUAGE_STANDARD = gnu99;
				GCC_NO_COMMON_BLOCKS = YES;
				GCC_WARN_64_TO_32_BIT_CONVERSION = YES;
				GCC_WARN_ABOUT_RETURN_TYPE = YES_ERROR;
				GCC_WARN_UNDECLARED_SELECTOR = YES;
				GCC_WARN_UNINITIALIZED_AUTOS = YES_AGGRESSIVE;
				GCC_WARN_UNUSED_FUNCTION = YES;
				GCC_WARN_UNUSED_VARIABLE = YES;
				IPHONEOS_DEPLOYMENT_TARGET = 10.3;
				MTL_ENABLE_DEBUG_INFO = NO;
				SDKROOT = iphoneos;
				SWIFT_OPTIMIZATION_LEVEL = "-Owholemodule";
				TARGETED_DEVICE_FAMILY = "1,2";
				VALIDATE_PRODUCT = YES;
			};
			name = Release;
		};
		1B6E1D7E203B911B006840A5 /* Debug */ = {
			isa = XCBuildConfiguration;
			baseConfigurationReference = 3354827A4A74BA7323DCE75D /* Pods-instagram.debug.xcconfig */;
			buildSettings = {
				ASSETCATALOG_COMPILER_APPICON_NAME = AppIcon;
				INFOPLIST_FILE = instagram/Info.plist;
				LD_RUNPATH_SEARCH_PATHS = "$(inherited) @executable_path/Frameworks";
				PRODUCT_BUNDLE_IDENTIFIER = edu.csumb.instagram;
				PRODUCT_NAME = "$(TARGET_NAME)";
				SWIFT_VERSION = 3.0;
			};
			name = Debug;
		};
		1B6E1D7F203B911B006840A5 /* Release */ = {
			isa = XCBuildConfiguration;
			baseConfigurationReference = 67318F62141B1A916E7316E8 /* Pods-instagram.release.xcconfig */;
			buildSettings = {
				ASSETCATALOG_COMPILER_APPICON_NAME = AppIcon;
				INFOPLIST_FILE = instagram/Info.plist;
				LD_RUNPATH_SEARCH_PATHS = "$(inherited) @executable_path/Frameworks";
				PRODUCT_BUNDLE_IDENTIFIER = edu.csumb.instagram;
				PRODUCT_NAME = "$(TARGET_NAME)";
				SWIFT_VERSION = 3.0;
			};
			name = Release;
		};
		1B6E1D81203B911B006840A5 /* Debug */ = {
			isa = XCBuildConfiguration;
			baseConfigurationReference = A8C61BEF308C45DA2A32AC29 /* Pods-instagramTests.debug.xcconfig */;
			buildSettings = {
				ALWAYS_EMBED_SWIFT_STANDARD_LIBRARIES = YES;
				BUNDLE_LOADER = "$(TEST_HOST)";
				INFOPLIST_FILE = instagramTests/Info.plist;
				LD_RUNPATH_SEARCH_PATHS = "$(inherited) @executable_path/Frameworks @loader_path/Frameworks";
				PRODUCT_BUNDLE_IDENTIFIER = edu.csumb.instagramTests;
				PRODUCT_NAME = "$(TARGET_NAME)";
				SWIFT_VERSION = 3.0;
				TEST_HOST = "$(BUILT_PRODUCTS_DIR)/instagram.app/instagram";
			};
			name = Debug;
		};
		1B6E1D82203B911B006840A5 /* Release */ = {
			isa = XCBuildConfiguration;
			baseConfigurationReference = 55713D451665F969B6DD936E /* Pods-instagramTests.release.xcconfig */;
			buildSettings = {
				ALWAYS_EMBED_SWIFT_STANDARD_LIBRARIES = YES;
				BUNDLE_LOADER = "$(TEST_HOST)";
				INFOPLIST_FILE = instagramTests/Info.plist;
				LD_RUNPATH_SEARCH_PATHS = "$(inherited) @executable_path/Frameworks @loader_path/Frameworks";
				PRODUCT_BUNDLE_IDENTIFIER = edu.csumb.instagramTests;
				PRODUCT_NAME = "$(TARGET_NAME)";
				SWIFT_VERSION = 3.0;
				TEST_HOST = "$(BUILT_PRODUCTS_DIR)/instagram.app/instagram";
			};
			name = Release;
		};
		1B6E1D84203B911B006840A5 /* Debug */ = {
			isa = XCBuildConfiguration;
			baseConfigurationReference = E6FB6C062CAA77DF694605DD /* Pods-instagramUITests.debug.xcconfig */;
			buildSettings = {
				ALWAYS_EMBED_SWIFT_STANDARD_LIBRARIES = YES;
				INFOPLIST_FILE = instagramUITests/Info.plist;
				LD_RUNPATH_SEARCH_PATHS = "$(inherited) @executable_path/Frameworks @loader_path/Frameworks";
				PRODUCT_BUNDLE_IDENTIFIER = edu.csumb.instagramUITests;
				PRODUCT_NAME = "$(TARGET_NAME)";
				SWIFT_VERSION = 3.0;
				TEST_TARGET_NAME = instagram;
			};
			name = Debug;
		};
		1B6E1D85203B911B006840A5 /* Release */ = {
			isa = XCBuildConfiguration;
			baseConfigurationReference = BB913252497912B7E1E488EB /* Pods-instagramUITests.release.xcconfig */;
			buildSettings = {
				ALWAYS_EMBED_SWIFT_STANDARD_LIBRARIES = YES;
				INFOPLIST_FILE = instagramUITests/Info.plist;
				LD_RUNPATH_SEARCH_PATHS = "$(inherited) @executable_path/Frameworks @loader_path/Frameworks";
				PRODUCT_BUNDLE_IDENTIFIER = edu.csumb.instagramUITests;
				PRODUCT_NAME = "$(TARGET_NAME)";
				SWIFT_VERSION = 3.0;
				TEST_TARGET_NAME = instagram;
			};
			name = Release;
		};
/* End XCBuildConfiguration section */

/* Begin XCConfigurationList section */
		1B6E1D50203B911B006840A5 /* Build configuration list for PBXProject "instagram" */ = {
			isa = XCConfigurationList;
			buildConfigurations = (
				1B6E1D7B203B911B006840A5 /* Debug */,
				1B6E1D7C203B911B006840A5 /* Release */,
			);
			defaultConfigurationIsVisible = 0;
			defaultConfigurationName = Release;
		};
		1B6E1D7D203B911B006840A5 /* Build configuration list for PBXNativeTarget "instagram" */ = {
			isa = XCConfigurationList;
			buildConfigurations = (
				1B6E1D7E203B911B006840A5 /* Debug */,
				1B6E1D7F203B911B006840A5 /* Release */,
			);
			defaultConfigurationIsVisible = 0;
			defaultConfigurationName = Release;
		};
		1B6E1D80203B911B006840A5 /* Build configuration list for PBXNativeTarget "instagramTests" */ = {
			isa = XCConfigurationList;
			buildConfigurations = (
				1B6E1D81203B911B006840A5 /* Debug */,
				1B6E1D82203B911B006840A5 /* Release */,
			);
			defaultConfigurationIsVisible = 0;
			defaultConfigurationName = Release;
		};
		1B6E1D83203B911B006840A5 /* Build configuration list for PBXNativeTarget "instagramUITests" */ = {
			isa = XCConfigurationList;
			buildConfigurations = (
				1B6E1D84203B911B006840A5 /* Debug */,
				1B6E1D85203B911B006840A5 /* Release */,
			);
			defaultConfigurationIsVisible = 0;
			defaultConfigurationName = Release;
		};
/* End XCConfigurationList section */
	};
	rootObject = 1B6E1D4D203B911B006840A5 /* Project object */;
}
